
Microsoft Visual Studio Solution File, Format Version 12.00
# Visual Studio Version 16
VisualStudioVersion = 16.0.31321.278
MinimumVisualStudioVersion = 10.0.40219.1
Project("{FAE04EC0-301F-11D3-BF4B-00C04F79EFBC}") = "MyTasks", "MyTasks\MyTasks.csproj", "{055A54ED-63B4-4626-BCA3-995EB2847AA5}"
EndProject
Global
	GlobalSection(SolutionConfigurationPlatforms) = preSolution
		Debug|Any CPU = Debug|Any CPU
		Release|Any CPU = Release|Any CPU
	EndGlobalSection
	GlobalSection(ProjectConfigurationPlatforms) = postSolution
		{055A54ED-63B4-4626-BCA3-995EB2847AA5}.Debug|Any CPU.ActiveCfg = Debug|Any CPU
		{055A54ED-63B4-4626-BCA3-995EB2847AA5}.Debug|Any CPU.Build.0 = Debug|Any CPU
		{055A54ED-63B4-4626-BCA3-995EB2847AA5}.Release|Any CPU.ActiveCfg = Release|Any CPU
		{055A54ED-63B4-4626-BCA3-995EB2847AA5}.Release|Any CPU.Build.0 = Release|Any CPU
	EndGlobalSection
	GlobalSection(SolutionProperties) = preSolution
		HideSolutionNode = FALSE
	EndGlobalSection
	GlobalSection(ExtensibilityGlobals) = postSolution
		SolutionGuid = {1B89CC62-E135-4EC1-89AD-90510A707405}
	EndGlobalSection
EndGlobal
